
Microsoft Visual Studio Solution File, Format Version 12.00
# Visual Studio Version 17
VisualStudioVersion = 17.5.33516.290
MinimumVisualStudioVersion = 10.0.40219.1
Project("{FAE04EC0-301F-11D3-BF4B-00C04F79EFBC}") = "Karin.Cli", "src\Karin.Cli\Karin.Cli.csproj", "{C36E8B5A-3A08-4EA1-AE22-B75D472E18E2}"
EndProject
Project("{FAE04EC0-301F-11D3-BF4B-00C04F79EFBC}") = "Karin.Core", "src\Karin.Core\Karin.Core.csproj", "{54AB20C2-C946-4A0A-946C-B916AEDBA241}"
EndProject
Project("{FAE04EC0-301F-11D3-BF4B-00C04F79EFBC}") = "Karin.Infrastructure", "src\Karin.Infrastructure\Karin.Infrastructure.csproj", "{28DBB71D-14B7-4A49-9495-5E177113C8BA}"
EndProject
Global
	GlobalSection(SolutionConfigurationPlatforms) = preSolution
		Debug|Any CPU = Debug|Any CPU
		Release|Any CPU = Release|Any CPU
	EndGlobalSection
	GlobalSection(ProjectConfigurationPlatforms) = postSolution
		{C36E8B5A-3A08-4EA1-AE22-B75D472E18E2}.Debug|Any CPU.ActiveCfg = Debug|Any CPU
		{C36E8B5A-3A08-4EA1-AE22-B75D472E18E2}.Debug|Any CPU.Build.0 = Debug|Any CPU
		{C36E8B5A-3A08-4EA1-AE22-B75D472E18E2}.Release|Any CPU.ActiveCfg = Release|Any CPU
		{C36E8B5A-3A08-4EA1-AE22-B75D472E18E2}.Release|Any CPU.Build.0 = Release|Any CPU
		{54AB20C2-C946-4A0A-946C-B916AEDBA241}.Debug|Any CPU.ActiveCfg = Debug|Any CPU
		{54AB20C2-C946-4A0A-946C-B916AEDBA241}.Debug|Any CPU.Build.0 = Debug|Any CPU
		{54AB20C2-C946-4A0A-946C-B916AEDBA241}.Release|Any CPU.ActiveCfg = Release|Any CPU
		{54AB20C2-C946-4A0A-946C-B916AEDBA241}.Release|Any CPU.Build.0 = Release|Any CPU
		{28DBB71D-14B7-4A49-9495-5E177113C8BA}.Debug|Any CPU.ActiveCfg = Debug|Any CPU
		{28DBB71D-14B7-4A49-9495-5E177113C8BA}.Debug|Any CPU.Build.0 = Debug|Any CPU
		{28DBB71D-14B7-4A49-9495-5E177113C8BA}.Release|Any CPU.ActiveCfg = Release|Any CPU
		{28DBB71D-14B7-4A49-9495-5E177113C8BA}.Release|Any CPU.Build.0 = Release|Any CPU
	EndGlobalSection
	GlobalSection(SolutionProperties) = preSolution
		HideSolutionNode = FALSE
	EndGlobalSection
	GlobalSection(ExtensibilityGlobals) = postSolution
		SolutionGuid = {6447F3A6-9B66-4A9B-B03E-85B9AFCC471F}
	EndGlobalSection
EndGlobal
